
Microsoft Visual Studio Solution File, Format Version 12.00
# Visual Studio Version 17
VisualStudioVersion = 17.6.33815.320
MinimumVisualStudioVersion = 10.0.40219.1
Project("{9A19103F-16F7-4668-BE54-9A1E7A4F7556}") = "numfortune.avalonia", "numfortune.avalonia\numfortune.avalonia.csproj", "{58EE0103-6F5B-4781-A209-90B481CCE7F9}"
EndProject
Project("{9A19103F-16F7-4668-BE54-9A1E7A4F7556}") = "numfortune.avalonia.Android", "numfortune.avalonia.Android\numfortune.avalonia.Android.csproj", "{69BD9F9F-72E0-4153-8F72-5BCCB35CB4CB}"
EndProject
Project("{9A19103F-16F7-4668-BE54-9A1E7A4F7556}") = "numfortune.avalonia.Desktop", "numfortune.avalonia.Desktop\numfortune.avalonia.Desktop.csproj", "{CCE65DD1-6575-460C-911F-AA6F34DA71BB}"
EndProject
Global
	GlobalSection(SolutionConfigurationPlatforms) = preSolution
		Debug|Any CPU = Debug|Any CPU
		Release|Any CPU = Release|Any CPU
	EndGlobalSection
	GlobalSection(ProjectConfigurationPlatforms) = postSolution
		{58EE0103-6F5B-4781-A209-90B481CCE7F9}.Debug|Any CPU.ActiveCfg = Debug|Any CPU
		{58EE0103-6F5B-4781-A209-90B481CCE7F9}.Debug|Any CPU.Build.0 = Debug|Any CPU
		{58EE0103-6F5B-4781-A209-90B481CCE7F9}.Release|Any CPU.ActiveCfg = Release|Any CPU
		{58EE0103-6F5B-4781-A209-90B481CCE7F9}.Release|Any CPU.Build.0 = Release|Any CPU
		{69BD9F9F-72E0-4153-8F72-5BCCB35CB4CB}.Debug|Any CPU.ActiveCfg = Debug|Any CPU
		{69BD9F9F-72E0-4153-8F72-5BCCB35CB4CB}.Debug|Any CPU.Build.0 = Debug|Any CPU
		{69BD9F9F-72E0-4153-8F72-5BCCB35CB4CB}.Debug|Any CPU.Deploy.0 = Debug|Any CPU
		{69BD9F9F-72E0-4153-8F72-5BCCB35CB4CB}.Release|Any CPU.ActiveCfg = Release|Any CPU
		{69BD9F9F-72E0-4153-8F72-5BCCB35CB4CB}.Release|Any CPU.Build.0 = Release|Any CPU
		{69BD9F9F-72E0-4153-8F72-5BCCB35CB4CB}.Release|Any CPU.Deploy.0 = Release|Any CPU
		{CCE65DD1-6575-460C-911F-AA6F34DA71BB}.Debug|Any CPU.ActiveCfg = Debug|Any CPU
		{CCE65DD1-6575-460C-911F-AA6F34DA71BB}.Debug|Any CPU.Build.0 = Debug|Any CPU
		{CCE65DD1-6575-460C-911F-AA6F34DA71BB}.Release|Any CPU.ActiveCfg = Release|Any CPU
		{CCE65DD1-6575-460C-911F-AA6F34DA71BB}.Release|Any CPU.Build.0 = Release|Any CPU
	EndGlobalSection
	GlobalSection(SolutionProperties) = preSolution
		HideSolutionNode = FALSE
	EndGlobalSection
	GlobalSection(ExtensibilityGlobals) = postSolution
		SolutionGuid = {17AAF036-5504-4948-8125-86FEAB64028D}
	EndGlobalSection
EndGlobal
