
Microsoft Visual Studio Solution File, Format Version 12.00
# Visual Studio Version 17
VisualStudioVersion = 17.7.34018.315
MinimumVisualStudioVersion = 10.0.40219.1
Project("{9A19103F-16F7-4668-BE54-9A1E7A4F7556}") = "numfortune", "numfortune\numfortune.csproj", "{50814C35-4221-4D42-80E2-34E7CB77F392}"
EndProject
Project("{9A19103F-16F7-4668-BE54-9A1E7A4F7556}") = "numfortune.Android", "numfortune.Android\numfortune.Android.csproj", "{0B70A3A3-9A73-4925-A668-9CA75D0EE7F4}"
EndProject
Project("{9A19103F-16F7-4668-BE54-9A1E7A4F7556}") = "numfortune.Desktop", "numfortune.Desktop\numfortune.Desktop.csproj", "{2B09506A-75DA-40C5-B577-4A0C44EABEE9}"
EndProject
Project("{FAE04EC0-301F-11D3-BF4B-00C04F79EFBC}") = "numfortune-setup", "numfortune-setup\numfortune-setup.csproj", "{0986BEA2-E021-4085-98D2-051E989F5C41}"
EndProject
Global
	GlobalSection(SolutionConfigurationPlatforms) = preSolution
		Debug|Any CPU = Debug|Any CPU
		Release|Any CPU = Release|Any CPU
	EndGlobalSection
	GlobalSection(ProjectConfigurationPlatforms) = postSolution
		{50814C35-4221-4D42-80E2-34E7CB77F392}.Debug|Any CPU.ActiveCfg = Debug|Any CPU
		{50814C35-4221-4D42-80E2-34E7CB77F392}.Debug|Any CPU.Build.0 = Debug|Any CPU
		{50814C35-4221-4D42-80E2-34E7CB77F392}.Release|Any CPU.ActiveCfg = Release|Any CPU
		{50814C35-4221-4D42-80E2-34E7CB77F392}.Release|Any CPU.Build.0 = Release|Any CPU
		{0B70A3A3-9A73-4925-A668-9CA75D0EE7F4}.Debug|Any CPU.ActiveCfg = Debug|Any CPU
		{0B70A3A3-9A73-4925-A668-9CA75D0EE7F4}.Debug|Any CPU.Build.0 = Debug|Any CPU
		{0B70A3A3-9A73-4925-A668-9CA75D0EE7F4}.Debug|Any CPU.Deploy.0 = Debug|Any CPU
		{0B70A3A3-9A73-4925-A668-9CA75D0EE7F4}.Release|Any CPU.ActiveCfg = Release|Any CPU
		{0B70A3A3-9A73-4925-A668-9CA75D0EE7F4}.Release|Any CPU.Build.0 = Release|Any CPU
		{0B70A3A3-9A73-4925-A668-9CA75D0EE7F4}.Release|Any CPU.Deploy.0 = Release|Any CPU
		{2B09506A-75DA-40C5-B577-4A0C44EABEE9}.Debug|Any CPU.ActiveCfg = Debug|Any CPU
		{2B09506A-75DA-40C5-B577-4A0C44EABEE9}.Debug|Any CPU.Build.0 = Debug|Any CPU
		{2B09506A-75DA-40C5-B577-4A0C44EABEE9}.Release|Any CPU.ActiveCfg = Release|Any CPU
		{2B09506A-75DA-40C5-B577-4A0C44EABEE9}.Release|Any CPU.Build.0 = Release|Any CPU
		{0986BEA2-E021-4085-98D2-051E989F5C41}.Debug|Any CPU.ActiveCfg = Debug|Any CPU
		{0986BEA2-E021-4085-98D2-051E989F5C41}.Debug|Any CPU.Build.0 = Debug|Any CPU
		{0986BEA2-E021-4085-98D2-051E989F5C41}.Release|Any CPU.ActiveCfg = Release|Any CPU
		{0986BEA2-E021-4085-98D2-051E989F5C41}.Release|Any CPU.Build.0 = Release|Any CPU
	EndGlobalSection
	GlobalSection(SolutionProperties) = preSolution
		HideSolutionNode = FALSE
	EndGlobalSection
	GlobalSection(ExtensibilityGlobals) = postSolution
		SolutionGuid = {8B089088-6AB7-484F-900E-68812DCF6473}
	EndGlobalSection
EndGlobal
